
Microsoft Visual Studio Solution File, Format Version 12.00
# Visual Studio Version 17
VisualStudioVersion = 17.13.35931.197 d17.13
MinimumVisualStudioVersion = 10.0.40219.1
Project("{FAE04EC0-301F-11D3-BF4B-00C04F79EFBC}") = "Minecraft Lookup", "Minecraft Lookup\Minecraft Lookup.csproj", "{60217B04-2210-42C8-9A6F-E543A2AE2E58}"
EndProject
Global
	GlobalSection(SolutionConfigurationPlatforms) = preSolution
		Debug|Any CPU = Debug|Any CPU
		Release|Any CPU = Release|Any CPU
	EndGlobalSection
	GlobalSection(ProjectConfigurationPlatforms) = postSolution
		{60217B04-2210-42C8-9A6F-E543A2AE2E58}.Debug|Any CPU.ActiveCfg = Debug|Any CPU
		{60217B04-2210-42C8-9A6F-E543A2AE2E58}.Debug|Any CPU.Build.0 = Debug|Any CPU
		{60217B04-2210-42C8-9A6F-E543A2AE2E58}.Release|Any CPU.ActiveCfg = Release|Any CPU
		{60217B04-2210-42C8-9A6F-E543A2AE2E58}.Release|Any CPU.Build.0 = Release|Any CPU
	EndGlobalSection
	GlobalSection(SolutionProperties) = preSolution
		HideSolutionNode = FALSE
	EndGlobalSection
	GlobalSection(ExtensibilityGlobals) = postSolution
		SolutionGuid = {2A6AFB6C-A16F-4D11-B201-EE99A32D0CBD}
	EndGlobalSection
EndGlobal
